// !$*UTF8*$!
{
	archiveVersion = 1;
	classes = {
	};
	objectVersion = 55;
	objects = {

/* Begin PBXBuildFile section */
		2A1218CD28595FCA003E3341 /* DataManager.swift in Sources */ = {isa = PBXBuildFile; fileRef = 2A1218CC28595FCA003E3341 /* DataManager.swift */; };
		2A17477E28488F020016F12E /* REApp.swift in Sources */ = {isa = PBXBuildFile; fileRef = 2A17477D28488F020016F12E /* REApp.swift */; };
		2A17478028488F020016F12E /* ContentView.swift in Sources */ = {isa = PBXBuildFile; fileRef = 2A17477F28488F020016F12E /* ContentView.swift */; };
		2A17478528488F070016F12E /* Preview Assets.xcassets in Resources */ = {isa = PBXBuildFile; fileRef = 2A17478428488F070016F12E /* Preview Assets.xcassets */; };
		2A34413C2849DF3000609119 /* README.md in Resources */ = {isa = PBXBuildFile; fileRef = 2A34413B2849DF3000609119 /* README.md */; };
		2A34413E2849DF7000609119 /* .gitignore in Resources */ = {isa = PBXBuildFile; fileRef = 2A34413D2849DF7000609119 /* .gitignore */; };
		2A4084C32849333C006748D2 /* SplashScreenView.swift in Sources */ = {isa = PBXBuildFile; fileRef = 2A4084C22849333C006748D2 /* SplashScreenView.swift */; };
		2A4084C428498185006748D2 /* Assets.xcassets in Resources */ = {isa = PBXBuildFile; fileRef = 2A17478128488F070016F12E /* Assets.xcassets */; };
		2A4084C8284982CD006748D2 /* Varela-Regular.ttf in Resources */ = {isa = PBXBuildFile; fileRef = 2A4084C7284982A0006748D2 /* Varela-Regular.ttf */; };
		2A4084D3284986F8006748D2 /* Inter-ExtraLight.ttf in Resources */ = {isa = PBXBuildFile; fileRef = 2A4084CA284986F5006748D2 /* Inter-ExtraLight.ttf */; };
		2A4084D4284986F8006748D2 /* Inter-ExtraBold.ttf in Resources */ = {isa = PBXBuildFile; fileRef = 2A4084CB284986F5006748D2 /* Inter-ExtraBold.ttf */; };
		2A4084D5284986F8006748D2 /* Inter-Regular.ttf in Resources */ = {isa = PBXBuildFile; fileRef = 2A4084CC284986F6006748D2 /* Inter-Regular.ttf */; };
		2A4084D6284986F8006748D2 /* Inter-Light.ttf in Resources */ = {isa = PBXBuildFile; fileRef = 2A4084CD284986F6006748D2 /* Inter-Light.ttf */; };
		2A4084D7284986F8006748D2 /* Inter-Bold.ttf in Resources */ = {isa = PBXBuildFile; fileRef = 2A4084CE284986F6006748D2 /* Inter-Bold.ttf */; };
		2A4084D8284986F8006748D2 /* Inter-Black.ttf in Resources */ = {isa = PBXBuildFile; fileRef = 2A4084CF284986F6006748D2 /* Inter-Black.ttf */; };
		2A4084D9284986F8006748D2 /* Inter-Medium.ttf in Resources */ = {isa = PBXBuildFile; fileRef = 2A4084D0284986F7006748D2 /* Inter-Medium.ttf */; };
		2A4084DA284986F8006748D2 /* Inter-SemiBold.ttf in Resources */ = {isa = PBXBuildFile; fileRef = 2A4084D1284986F7006748D2 /* Inter-SemiBold.ttf */; };
		2A4084DB284986F8006748D2 /* Inter-Thin.ttf in Resources */ = {isa = PBXBuildFile; fileRef = 2A4084D2284986F8006748D2 /* Inter-Thin.ttf */; };
		2A4084DD2849A8D2006748D2 /* LogInView.swift in Sources */ = {isa = PBXBuildFile; fileRef = 2A4084DC2849A8D2006748D2 /* LogInView.swift */; };
		2A4084DF2849AB3E006748D2 /* SignUpView.swift in Sources */ = {isa = PBXBuildFile; fileRef = 2A4084DE2849AB3E006748D2 /* SignUpView.swift */; };
		2A4084E22849C8E1006748D2 /* FirebaseAuth in Frameworks */ = {isa = PBXBuildFile; productRef = 2A4084E12849C8E1006748D2 /* FirebaseAuth */; };
		2A4084E42849C8E1006748D2 /* FirebaseFirestore in Frameworks */ = {isa = PBXBuildFile; productRef = 2A4084E32849C8E1006748D2 /* FirebaseFirestore */; };
		2A4084E62849C994006748D2 /* GoogleService-Info.plist in Resources */ = {isa = PBXBuildFile; fileRef = 2A4084E52849C994006748D2 /* GoogleService-Info.plist */; };
		2A4084E82849CE35006748D2 /* LoggedView.swift in Sources */ = {isa = PBXBuildFile; fileRef = 2A4084E72849CE34006748D2 /* LoggedView.swift */; };
		2A63D1FD285926CC00EFB392 /* OTPViewModel.swift in Sources */ = {isa = PBXBuildFile; fileRef = 2A63D1FC285926CC00EFB392 /* OTPViewModel.swift */; };
		2AA697392853EE6D00ABA8E1 /* RecordView.swift in Sources */ = {isa = PBXBuildFile; fileRef = 2AA697382853EE6D00ABA8E1 /* RecordView.swift */; };
		2AAC6E2B285EBDEA008F305D /* InAppView.swift in Sources */ = {isa = PBXBuildFile; fileRef = 2AAC6E2A285EBDEA008F305D /* InAppView.swift */; };
		2AAC6E2D285EBEA6008F305D /* RememberView.swift in Sources */ = {isa = PBXBuildFile; fileRef = 2AAC6E2C285EBEA6008F305D /* RememberView.swift */; };
		2AAC6E2F285EBEB3008F305D /* ProfileView.swift in Sources */ = {isa = PBXBuildFile; fileRef = 2AAC6E2E285EBEB3008F305D /* ProfileView.swift */; };
/* End PBXBuildFile section */

/* Begin PBXFileReference section */
		2A1218CC28595FCA003E3341 /* DataManager.swift */ = {isa = PBXFileReference; lastKnownFileType = sourcecode.swift; path = DataManager.swift; sourceTree = "<group>"; };
		2A17477A28488F020016F12E /* RE.app */ = {isa = PBXFileReference; explicitFileType = wrapper.application; includeInIndex = 0; path = RE.app; sourceTree = BUILT_PRODUCTS_DIR; };
		2A17477D28488F020016F12E /* REApp.swift */ = {isa = PBXFileReference; lastKnownFileType = sourcecode.swift; path = REApp.swift; sourceTree = "<group>"; };
		2A17477F28488F020016F12E /* ContentView.swift */ = {isa = PBXFileReference; lastKnownFileType = sourcecode.swift; path = ContentView.swift; sourceTree = "<group>"; };
		2A17478128488F070016F12E /* Assets.xcassets */ = {isa = PBXFileReference; lastKnownFileType = folder.assetcatalog; path = Assets.xcassets; sourceTree = "<group>"; };
		2A17478428488F070016F12E /* Preview Assets.xcassets */ = {isa = PBXFileReference; lastKnownFileType = folder.assetcatalog; path = "Preview Assets.xcassets"; sourceTree = "<group>"; };
		2A34413B2849DF3000609119 /* README.md */ = {isa = PBXFileReference; lastKnownFileType = net.daringfireball.markdown; path = README.md; sourceTree = "<group>"; };
		2A34413D2849DF7000609119 /* .gitignore */ = {isa = PBXFileReference; lastKnownFileType = text; path = .gitignore; sourceTree = "<group>"; };
		2A4084C22849333C006748D2 /* SplashScreenView.swift */ = {isa = PBXFileReference; lastKnownFileType = sourcecode.swift; path = SplashScreenView.swift; sourceTree = "<group>"; };
		2A4084C7284982A0006748D2 /* Varela-Regular.ttf */ = {isa = PBXFileReference; lastKnownFileType = file; path = "Varela-Regular.ttf"; sourceTree = "<group>"; };
		2A4084C92849838F006748D2 /* Info.plist */ = {isa = PBXFileReference; lastKnownFileType = text.plist; path = Info.plist; sourceTree = "<group>"; };
		2A4084CA284986F5006748D2 /* Inter-ExtraLight.ttf */ = {isa = PBXFileReference; lastKnownFileType = file; path = "Inter-ExtraLight.ttf"; sourceTree = "<group>"; };
		2A4084CB284986F5006748D2 /* Inter-ExtraBold.ttf */ = {isa = PBXFileReference; lastKnownFileType = file; path = "Inter-ExtraBold.ttf"; sourceTree = "<group>"; };
		2A4084CC284986F6006748D2 /* Inter-Regular.ttf */ = {isa = PBXFileReference; lastKnownFileType = file; path = "Inter-Regular.ttf"; sourceTree = "<group>"; };
		2A4084CD284986F6006748D2 /* Inter-Light.ttf */ = {isa = PBXFileReference; lastKnownFileType = file; path = "Inter-Light.ttf"; sourceTree = "<group>"; };
		2A4084CE284986F6006748D2 /* Inter-Bold.ttf */ = {isa = PBXFileReference; lastKnownFileType = file; path = "Inter-Bold.ttf"; sourceTree = "<group>"; };
		2A4084CF284986F6006748D2 /* Inter-Black.ttf */ = {isa = PBXFileReference; lastKnownFileType = file; path = "Inter-Black.ttf"; sourceTree = "<group>"; };
		2A4084D0284986F7006748D2 /* Inter-Medium.ttf */ = {isa = PBXFileReference; lastKnownFileType = file; path = "Inter-Medium.ttf"; sourceTree = "<group>"; };
		2A4084D1284986F7006748D2 /* Inter-SemiBold.ttf */ = {isa = PBXFileReference; lastKnownFileType = file; path = "Inter-SemiBold.ttf"; sourceTree = "<group>"; };
		2A4084D2284986F8006748D2 /* Inter-Thin.ttf */ = {isa = PBXFileReference; lastKnownFileType = file; path = "Inter-Thin.ttf"; sourceTree = "<group>"; };
		2A4084DC2849A8D2006748D2 /* LogInView.swift */ = {isa = PBXFileReference; lastKnownFileType = sourcecode.swift; path = LogInView.swift; sourceTree = "<group>"; };
		2A4084DE2849AB3E006748D2 /* SignUpView.swift */ = {isa = PBXFileReference; lastKnownFileType = sourcecode.swift; path = SignUpView.swift; sourceTree = "<group>"; };
		2A4084E52849C994006748D2 /* GoogleService-Info.plist */ = {isa = PBXFileReference; fileEncoding = 4; lastKnownFileType = text.plist.xml; path = "GoogleService-Info.plist"; sourceTree = "<group>"; };
		2A4084E72849CE34006748D2 /* LoggedView.swift */ = {isa = PBXFileReference; lastKnownFileType = sourcecode.swift; path = LoggedView.swift; sourceTree = "<group>"; };
		2A63D1FC285926CC00EFB392 /* OTPViewModel.swift */ = {isa = PBXFileReference; lastKnownFileType = sourcecode.swift; path = OTPViewModel.swift; sourceTree = "<group>"; };
		2AA697382853EE6D00ABA8E1 /* RecordView.swift */ = {isa = PBXFileReference; lastKnownFileType = sourcecode.swift; path = RecordView.swift; sourceTree = "<group>"; };
		2AAC6E2A285EBDEA008F305D /* InAppView.swift */ = {isa = PBXFileReference; lastKnownFileType = sourcecode.swift; path = InAppView.swift; sourceTree = "<group>"; };
		2AAC6E2C285EBEA6008F305D /* RememberView.swift */ = {isa = PBXFileReference; lastKnownFileType = sourcecode.swift; path = RememberView.swift; sourceTree = "<group>"; };
		2AAC6E2E285EBEB3008F305D /* ProfileView.swift */ = {isa = PBXFileReference; lastKnownFileType = sourcecode.swift; path = ProfileView.swift; sourceTree = "<group>"; };
/* End PBXFileReference section */

/* Begin PBXFrameworksBuildPhase section */
		2A17477728488F020016F12E /* Frameworks */ = {
			isa = PBXFrameworksBuildPhase;
			buildActionMask = 2147483647;
			files = (
				2A4084E22849C8E1006748D2 /* FirebaseAuth in Frameworks */,
				2A4084E42849C8E1006748D2 /* FirebaseFirestore in Frameworks */,
			);
			runOnlyForDeploymentPostprocessing = 0;
		};
/* End PBXFrameworksBuildPhase section */

/* Begin PBXGroup section */
		2A17477128488F020016F12E = {
			isa = PBXGroup;
			children = (
				2A34413B2849DF3000609119 /* README.md */,
				2A34413D2849DF7000609119 /* .gitignore */,
				2A17477C28488F020016F12E /* RE */,
				2A17477B28488F020016F12E /* Products */,
			);
			sourceTree = "<group>";
		};
		2A17477B28488F020016F12E /* Products */ = {
			isa = PBXGroup;
			children = (
				2A17477A28488F020016F12E /* RE.app */,
			);
			name = Products;
			sourceTree = "<group>";
		};
		2A17477C28488F020016F12E /* RE */ = {
			isa = PBXGroup;
			children = (
				2A4084C92849838F006748D2 /* Info.plist */,
				2A17477D28488F020016F12E /* REApp.swift */,
				2A17477F28488F020016F12E /* ContentView.swift */,
				2AAC6E2A285EBDEA008F305D /* InAppView.swift */,
				2AAC6E2C285EBEA6008F305D /* RememberView.swift */,
				2AAC6E2E285EBEB3008F305D /* ProfileView.swift */,
				2A63D1FC285926CC00EFB392 /* OTPViewModel.swift */,
				2A1218CC28595FCA003E3341 /* DataManager.swift */,
				2AA697382853EE6D00ABA8E1 /* RecordView.swift */,
				2A4084E72849CE34006748D2 /* LoggedView.swift */,
				2A4084DE2849AB3E006748D2 /* SignUpView.swift */,
				2A4084DC2849A8D2006748D2 /* LogInView.swift */,
				2A4084E52849C994006748D2 /* GoogleService-Info.plist */,
				2A4084C22849333C006748D2 /* SplashScreenView.swift */,
				2A4084C62849828B006748D2 /* Fonts */,
				2A17478128488F070016F12E /* Assets.xcassets */,
				2A17478328488F070016F12E /* Preview Content */,
			);
			path = RE;
			sourceTree = "<group>";
		};
		2A17478328488F070016F12E /* Preview Content */ = {
			isa = PBXGroup;
			children = (
				2A17478428488F070016F12E /* Preview Assets.xcassets */,
			);
			path = "Preview Content";
			sourceTree = "<group>";
		};
		2A4084C62849828B006748D2 /* Fonts */ = {
			isa = PBXGroup;
			children = (
				2A4084CF284986F6006748D2 /* Inter-Black.ttf */,
				2A4084CE284986F6006748D2 /* Inter-Bold.ttf */,
				2A4084CB284986F5006748D2 /* Inter-ExtraBold.ttf */,
				2A4084CA284986F5006748D2 /* Inter-ExtraLight.ttf */,
				2A4084CD284986F6006748D2 /* Inter-Light.ttf */,
				2A4084D0284986F7006748D2 /* Inter-Medium.ttf */,
				2A4084CC284986F6006748D2 /* Inter-Regular.ttf */,
				2A4084D1284986F7006748D2 /* Inter-SemiBold.ttf */,
				2A4084D2284986F8006748D2 /* Inter-Thin.ttf */,
				2A4084C7284982A0006748D2 /* Varela-Regular.ttf */,
			);
			path = Fonts;
			sourceTree = "<group>";
		};
/* End PBXGroup section */

/* Begin PBXNativeTarget section */
		2A17477928488F020016F12E /* RE */ = {
			isa = PBXNativeTarget;
			buildConfigurationList = 2A17478828488F070016F12E /* Build configuration list for PBXNativeTarget "RE" */;
			buildPhases = (
				2A17477628488F020016F12E /* Sources */,
				2A17477728488F020016F12E /* Frameworks */,
				2A17477828488F020016F12E /* Resources */,
			);
			buildRules = (
			);
			dependencies = (
			);
			name = RE;
			packageProductDependencies = (
				2A4084E12849C8E1006748D2 /* FirebaseAuth */,
				2A4084E32849C8E1006748D2 /* FirebaseFirestore */,
			);
			productName = RE;
			productReference = 2A17477A28488F020016F12E /* RE.app */;
			productType = "com.apple.product-type.application";
		};
/* End PBXNativeTarget section */

/* Begin PBXProject section */
		2A17477228488F020016F12E /* Project object */ = {
			isa = PBXProject;
			attributes = {
				BuildIndependentTargetsInParallel = 1;
				LastSwiftUpdateCheck = 1340;
				LastUpgradeCheck = 1340;
				TargetAttributes = {
					2A17477928488F020016F12E = {
						CreatedOnToolsVersion = 13.4;
					};
				};
			};
			buildConfigurationList = 2A17477528488F020016F12E /* Build configuration list for PBXProject "RE" */;
			compatibilityVersion = "Xcode 13.0";
			developmentRegion = en;
			hasScannedForEncodings = 0;
			knownRegions = (
				en,
				Base,
			);
			mainGroup = 2A17477128488F020016F12E;
			packageReferences = (
				2A4084E02849C8E0006748D2 /* XCRemoteSwiftPackageReference "firebase-ios-sdk" */,
			);
			productRefGroup = 2A17477B28488F020016F12E /* Products */;
			projectDirPath = "";
			projectRoot = "";
			targets = (
				2A17477928488F020016F12E /* RE */,
			);
		};
/* End PBXProject section */

/* Begin PBXResourcesBuildPhase section */
		2A17477828488F020016F12E /* Resources */ = {
			isa = PBXResourcesBuildPhase;
			buildActionMask = 2147483647;
			files = (
				2A4084E62849C994006748D2 /* GoogleService-Info.plist in Resources */,
				2A4084D4284986F8006748D2 /* Inter-ExtraBold.ttf in Resources */,
				2A4084D8284986F8006748D2 /* Inter-Black.ttf in Resources */,
				2A4084C8284982CD006748D2 /* Varela-Regular.ttf in Resources */,
				2A4084DA284986F8006748D2 /* Inter-SemiBold.ttf in Resources */,
				2A4084D7284986F8006748D2 /* Inter-Bold.ttf in Resources */,
				2A4084C428498185006748D2 /* Assets.xcassets in Resources */,
				2A17478528488F070016F12E /* Preview Assets.xcassets in Resources */,
				2A4084D5284986F8006748D2 /* Inter-Regular.ttf in Resources */,
				2A4084DB284986F8006748D2 /* Inter-Thin.ttf in Resources */,
				2A34413E2849DF7000609119 /* .gitignore in Resources */,
				2A34413C2849DF3000609119 /* README.md in Resources */,
				2A4084D3284986F8006748D2 /* Inter-ExtraLight.ttf in Resources */,
				2A4084D9284986F8006748D2 /* Inter-Medium.ttf in Resources */,
				2A4084D6284986F8006748D2 /* Inter-Light.ttf in Resources */,
			);
			runOnlyForDeploymentPostprocessing = 0;
		};
/* End PBXResourcesBuildPhase section */

/* Begin PBXSourcesBuildPhase section */
		2A17477628488F020016F12E /* Sources */ = {
			isa = PBXSourcesBuildPhase;
			buildActionMask = 2147483647;
			files = (
				2A17478028488F020016F12E /* ContentView.swift in Sources */,
				2AAC6E2B285EBDEA008F305D /* InAppView.swift in Sources */,
				2A4084DF2849AB3E006748D2 /* SignUpView.swift in Sources */,
				2A17477E28488F020016F12E /* REApp.swift in Sources */,
				2AAC6E2F285EBEB3008F305D /* ProfileView.swift in Sources */,
				2A4084DD2849A8D2006748D2 /* LogInView.swift in Sources */,
				2AAC6E2D285EBEA6008F305D /* RememberView.swift in Sources */,
				2A4084E82849CE35006748D2 /* LoggedView.swift in Sources */,
				2A63D1FD285926CC00EFB392 /* OTPViewModel.swift in Sources */,
				2AA697392853EE6D00ABA8E1 /* RecordView.swift in Sources */,
				2A1218CD28595FCA003E3341 /* DataManager.swift in Sources */,
				2A4084C32849333C006748D2 /* SplashScreenView.swift in Sources */,
			);
			runOnlyForDeploymentPostprocessing = 0;
		};
/* End PBXSourcesBuildPhase section */

/* Begin XCBuildConfiguration section */
		2A17478628488F070016F12E /* Debug */ = {
			isa = XCBuildConfiguration;
			buildSettings = {
				ALWAYS_SEARCH_USER_PATHS = NO;
				CLANG_ANALYZER_NONNULL = YES;
				CLANG_ANALYZER_NUMBER_OBJECT_CONVERSION = YES_AGGRESSIVE;
				CLANG_CXX_LANGUAGE_STANDARD = "gnu++17";
				CLANG_ENABLE_MODULES = YES;
				CLANG_ENABLE_OBJC_ARC = YES;
				CLANG_ENABLE_OBJC_WEAK = YES;
				CLANG_WARN_BLOCK_CAPTURE_AUTORELEASING = YES;
				CLANG_WARN_BOOL_CONVERSION = YES;
				CLANG_WARN_COMMA = YES;
				CLANG_WARN_CONSTANT_CONVERSION = YES;
				CLANG_WARN_DEPRECATED_OBJC_IMPLEMENTATIONS = YES;
				CLANG_WARN_DIRECT_OBJC_ISA_USAGE = YES_ERROR;
				CLANG_WARN_DOCUMENTATION_COMMENTS = YES;
				CLANG_WARN_EMPTY_BODY = YES;
				CLANG_WARN_ENUM_CONVERSION = YES;
				CLANG_WARN_INFINITE_RECURSION = YES;
				CLANG_WARN_INT_CONVERSION = YES;
				CLANG_WARN_NON_LITERAL_NULL_CONVERSION = YES;
				CLANG_WARN_OBJC_IMPLICIT_RETAIN_SELF = YES;
				CLANG_WARN_OBJC_LITERAL_CONVERSION = YES;
				CLANG_WARN_OBJC_ROOT_CLASS = YES_ERROR;
				CLANG_WARN_QUOTED_INCLUDE_IN_FRAMEWORK_HEADER = YES;
				CLANG_WARN_RANGE_LOOP_ANALYSIS = YES;
				CLANG_WARN_STRICT_PROTOTYPES = YES;
				CLANG_WARN_SUSPICIOUS_MOVE = YES;
				CLANG_WARN_UNGUARDED_AVAILABILITY = YES_AGGRESSIVE;
				CLANG_WARN_UNREACHABLE_CODE = YES;
				CLANG_WARN__DUPLICATE_METHOD_MATCH = YES;
				COPY_PHASE_STRIP = NO;
				DEBUG_INFORMATION_FORMAT = dwarf;
				ENABLE_STRICT_OBJC_MSGSEND = YES;
				ENABLE_TESTABILITY = YES;
				GCC_C_LANGUAGE_STANDARD = gnu11;
				GCC_DYNAMIC_NO_PIC = NO;
				GCC_NO_COMMON_BLOCKS = YES;
				GCC_OPTIMIZATION_LEVEL = 0;
				GCC_PREPROCESSOR_DEFINITIONS = (
					"DEBUG=1",
					"$(inherited)",
				);
				GCC_WARN_64_TO_32_BIT_CONVERSION = YES;
				GCC_WARN_ABOUT_RETURN_TYPE = YES_ERROR;
				GCC_WARN_UNDECLARED_SELECTOR = YES;
				GCC_WARN_UNINITIALIZED_AUTOS = YES_AGGRESSIVE;
				GCC_WARN_UNUSED_FUNCTION = YES;
				GCC_WARN_UNUSED_VARIABLE = YES;
				IPHONEOS_DEPLOYMENT_TARGET = 15.5;
				MTL_ENABLE_DEBUG_INFO = INCLUDE_SOURCE;
				MTL_FAST_MATH = YES;
				ONLY_ACTIVE_ARCH = YES;
				SDKROOT = iphoneos;
				SWIFT_ACTIVE_COMPILATION_CONDITIONS = DEBUG;
				SWIFT_OPTIMIZATION_LEVEL = "-Onone";
			};
			name = Debug;
		};
		2A17478728488F070016F12E /* Release */ = {
			isa = XCBuildConfiguration;
			buildSettings = {
				ALWAYS_SEARCH_USER_PATHS = NO;
				CLANG_ANALYZER_NONNULL = YES;
				CLANG_ANALYZER_NUMBER_OBJECT_CONVERSION = YES_AGGRESSIVE;
				CLANG_CXX_LANGUAGE_STANDARD = "gnu++17";
				CLANG_ENABLE_MODULES = YES;
				CLANG_ENABLE_OBJC_ARC = YES;
				CLANG_ENABLE_OBJC_WEAK = YES;
				CLANG_WARN_BLOCK_CAPTURE_AUTORELEASING = YES;
				CLANG_WARN_BOOL_CONVERSION = YES;
				CLANG_WARN_COMMA = YES;
				CLANG_WARN_CONSTANT_CONVERSION = YES;
				CLANG_WARN_DEPRECATED_OBJC_IMPLEMENTATIONS = YES;
				CLANG_WARN_DIRECT_OBJC_ISA_USAGE = YES_ERROR;
				CLANG_WARN_DOCUMENTATION_COMMENTS = YES;
				CLANG_WARN_EMPTY_BODY = YES;
				CLANG_WARN_ENUM_CONVERSION = YES;
				CLANG_WARN_INFINITE_RECURSION = YES;
				CLANG_WARN_INT_CONVERSION = YES;
				CLANG_WARN_NON_LITERAL_NULL_CONVERSION = YES;
				CLANG_WARN_OBJC_IMPLICIT_RETAIN_SELF = YES;
				CLANG_WARN_OBJC_LITERAL_CONVERSION = YES;
				CLANG_WARN_OBJC_ROOT_CLASS = YES_ERROR;
				CLANG_WARN_QUOTED_INCLUDE_IN_FRAMEWORK_HEADER = YES;
				CLANG_WARN_RANGE_LOOP_ANALYSIS = YES;
				CLANG_WARN_STRICT_PROTOTYPES = YES;
				CLANG_WARN_SUSPICIOUS_MOVE = YES;
				CLANG_WARN_UNGUARDED_AVAILABILITY = YES_AGGRESSIVE;
				CLANG_WARN_UNREACHABLE_CODE = YES;
				CLANG_WARN__DUPLICATE_METHOD_MATCH = YES;
				COPY_PHASE_STRIP = NO;
				DEBUG_INFORMATION_FORMAT = "dwarf-with-dsym";
				ENABLE_NS_ASSERTIONS = NO;
				ENABLE_STRICT_OBJC_MSGSEND = YES;
				GCC_C_LANGUAGE_STANDARD = gnu11;
				GCC_NO_COMMON_BLOCKS = YES;
				GCC_WARN_64_TO_32_BIT_CONVERSION = YES;
				GCC_WARN_ABOUT_RETURN_TYPE = YES_ERROR;
				GCC_WARN_UNDECLARED_SELECTOR = YES;
				GCC_WARN_UNINITIALIZED_AUTOS = YES_AGGRESSIVE;
				GCC_WARN_UNUSED_FUNCTION = YES;
				GCC_WARN_UNUSED_VARIABLE = YES;
				IPHONEOS_DEPLOYMENT_TARGET = 15.5;
				MTL_ENABLE_DEBUG_INFO = NO;
				MTL_FAST_MATH = YES;
				SDKROOT = iphoneos;
				SWIFT_COMPILATION_MODE = wholemodule;
				SWIFT_OPTIMIZATION_LEVEL = "-O";
				VALIDATE_PRODUCT = YES;
			};
			name = Release;
		};
		2A17478928488F070016F12E /* Debug */ = {
			isa = XCBuildConfiguration;
			buildSettings = {
				ASSETCATALOG_COMPILER_APPICON_NAME = AppIcon;
				ASSETCATALOG_COMPILER_GLOBAL_ACCENT_COLOR_NAME = AccentColor;
				CODE_SIGN_STYLE = Automatic;
				CURRENT_PROJECT_VERSION = 1;
				DEVELOPMENT_ASSET_PATHS = "\"RE/Preview Content\"";
				DEVELOPMENT_TEAM = BMHZ5VFU4V;
				ENABLE_PREVIEWS = YES;
				GENERATE_INFOPLIST_FILE = YES;
				INFOPLIST_FILE = RE/Info.plist;
				INFOPLIST_KEY_CFBundleDisplayName = "RE:";
				INFOPLIST_KEY_UIApplicationSceneManifest_Generation = YES;
				INFOPLIST_KEY_UIApplicationSupportsIndirectInputEvents = YES;
				INFOPLIST_KEY_UILaunchScreen_Generation = YES;
				INFOPLIST_KEY_UISupportedInterfaceOrientations_iPad = "UIInterfaceOrientationPortrait UIInterfaceOrientationPortraitUpsideDown UIInterfaceOrientationLandscapeLeft UIInterfaceOrientationLandscapeRight";
				INFOPLIST_KEY_UISupportedInterfaceOrientations_iPhone = UIInterfaceOrientationPortrait;
				LD_RUNPATH_SEARCH_PATHS = (
					"$(inherited)",
					"@executable_path/Frameworks",
				);
				MARKETING_VERSION = 1.0;
				PRODUCT_BUNDLE_IDENTIFIER = com.ikeg225.RE;
				PRODUCT_NAME = "$(TARGET_NAME)";
				SWIFT_EMIT_LOC_STRINGS = YES;
				SWIFT_VERSION = 5.0;
				TARGETED_DEVICE_FAMILY = "1,2";
			};
			name = Debug;
		};
		2A17478A28488F070016F12E /* Release */ = {
			isa = XCBuildConfiguration;
			buildSettings = {
				ASSETCATALOG_COMPILER_APPICON_NAME = AppIcon;
				ASSETCATALOG_COMPILER_GLOBAL_ACCENT_COLOR_NAME = AccentColor;
				CODE_SIGN_STYLE = Automatic;
				CURRENT_PROJECT_VERSION = 1;
				DEVELOPMENT_ASSET_PATHS = "\"RE/Preview Content\"";
				DEVELOPMENT_TEAM = BMHZ5VFU4V;
				ENABLE_PREVIEWS = YES;
				GENERATE_INFOPLIST_FILE = YES;
				INFOPLIST_FILE = RE/Info.plist;
				INFOPLIST_KEY_CFBundleDisplayName = "RE:";
				INFOPLIST_KEY_UIApplicationSceneManifest_Generation = YES;
				INFOPLIST_KEY_UIApplicationSupportsIndirectInputEvents = YES;
				INFOPLIST_KEY_UILaunchScreen_Generation = YES;
				INFOPLIST_KEY_UISupportedInterfaceOrientations_iPad = "UIInterfaceOrientationPortrait UIInterfaceOrientationPortraitUpsideDown UIInterfaceOrientationLandscapeLeft UIInterfaceOrientationLandscapeRight";
				INFOPLIST_KEY_UISupportedInterfaceOrientations_iPhone = UIInterfaceOrientationPortrait;
				LD_RUNPATH_SEARCH_PATHS = (
					"$(inherited)",
					"@executable_path/Frameworks",
				);
				MARKETING_VERSION = 1.0;
				PRODUCT_BUNDLE_IDENTIFIER = com.ikeg225.RE;
				PRODUCT_NAME = "$(TARGET_NAME)";
				SWIFT_EMIT_LOC_STRINGS = YES;
				SWIFT_VERSION = 5.0;
				TARGETED_DEVICE_FAMILY = "1,2";
			};
			name = Release;
		};
/* End XCBuildConfiguration section */

/* Begin XCConfigurationList section */
		2A17477528488F020016F12E /* Build configuration list for PBXProject "RE" */ = {
			isa = XCConfigurationList;
			buildConfigurations = (
				2A17478628488F070016F12E /* Debug */,
				2A17478728488F070016F12E /* Release */,
			);
			defaultConfigurationIsVisible = 0;
			defaultConfigurationName = Release;
		};
		2A17478828488F070016F12E /* Build configuration list for PBXNativeTarget "RE" */ = {
			isa = XCConfigurationList;
			buildConfigurations = (
				2A17478928488F070016F12E /* Debug */,
				2A17478A28488F070016F12E /* Release */,
			);
			defaultConfigurationIsVisible = 0;
			defaultConfigurationName = Release;
		};
/* End XCConfigurationList section */

/* Begin XCRemoteSwiftPackageReference section */
		2A4084E02849C8E0006748D2 /* XCRemoteSwiftPackageReference "firebase-ios-sdk" */ = {
			isa = XCRemoteSwiftPackageReference;
			repositoryURL = "https://github.com/firebase/firebase-ios-sdk.git";
			requirement = {
				kind = upToNextMajorVersion;
				minimumVersion = 9.0.0;
			};
		};
/* End XCRemoteSwiftPackageReference section */

/* Begin XCSwiftPackageProductDependency section */
		2A4084E12849C8E1006748D2 /* FirebaseAuth */ = {
			isa = XCSwiftPackageProductDependency;
			package = 2A4084E02849C8E0006748D2 /* XCRemoteSwiftPackageReference "firebase-ios-sdk" */;
			productName = FirebaseAuth;
		};
		2A4084E32849C8E1006748D2 /* FirebaseFirestore */ = {
			isa = XCSwiftPackageProductDependency;
			package = 2A4084E02849C8E0006748D2 /* XCRemoteSwiftPackageReference "firebase-ios-sdk" */;
			productName = FirebaseFirestore;
		};
/* End XCSwiftPackageProductDependency section */
	};
	rootObject = 2A17477228488F020016F12E /* Project object */;
}
